
Microsoft Visual Studio Solution File, Format Version 12.00
# Visual Studio 15
VisualStudioVersion = 15.0.28307.136
MinimumVisualStudioVersion = 10.0.40219.1
Project("{FAE04EC0-301F-11D3-BF4B-00C04F79EFBC}") = "Exercises", "Übungen\Exercises.csproj", "{BE99AC4D-77A5-464D-B528-8F73E70F577D}"
EndProject
Project("{2150E333-8FDC-42A3-9474-1A3956D46DE8}") = "Factorial", "Factorial", "{4D2D47AD-9040-4D02-B315-ED5FA8AAA251}"
EndProject
Project("{FAE04EC0-301F-11D3-BF4B-00C04F79EFBC}") = "Factorial", "Factorial\Factorial.csproj", "{2D5170AF-5387-4C8F-861A-4DB26F494644}"
EndProject
Global
	GlobalSection(SolutionConfigurationPlatforms) = preSolution
		Debug|Any CPU = Debug|Any CPU
		Release|Any CPU = Release|Any CPU
	EndGlobalSection
	GlobalSection(ProjectConfigurationPlatforms) = postSolution
		{BE99AC4D-77A5-464D-B528-8F73E70F577D}.Debug|Any CPU.ActiveCfg = Debug|Any CPU
		{BE99AC4D-77A5-464D-B528-8F73E70F577D}.Debug|Any CPU.Build.0 = Debug|Any CPU
		{BE99AC4D-77A5-464D-B528-8F73E70F577D}.Release|Any CPU.ActiveCfg = Release|Any CPU
		{BE99AC4D-77A5-464D-B528-8F73E70F577D}.Release|Any CPU.Build.0 = Release|Any CPU
		{2D5170AF-5387-4C8F-861A-4DB26F494644}.Debug|Any CPU.ActiveCfg = Debug|Any CPU
		{2D5170AF-5387-4C8F-861A-4DB26F494644}.Debug|Any CPU.Build.0 = Debug|Any CPU
		{2D5170AF-5387-4C8F-861A-4DB26F494644}.Release|Any CPU.ActiveCfg = Release|Any CPU
		{2D5170AF-5387-4C8F-861A-4DB26F494644}.Release|Any CPU.Build.0 = Release|Any CPU
	EndGlobalSection
	GlobalSection(SolutionProperties) = preSolution
		HideSolutionNode = FALSE
	EndGlobalSection
	GlobalSection(NestedProjects) = preSolution
		{2D5170AF-5387-4C8F-861A-4DB26F494644} = {4D2D47AD-9040-4D02-B315-ED5FA8AAA251}
	EndGlobalSection
	GlobalSection(ExtensibilityGlobals) = postSolution
		SolutionGuid = {03B2081F-0CF5-4461-BB4A-4C248C5CB626}
	EndGlobalSection
EndGlobal
